
Microsoft Visual Studio Solution File, Format Version 12.00
# Visual Studio 14
VisualStudioVersion = 14.0.25420.1
MinimumVisualStudioVersion = 10.0.40219.1
Project("{2150E333-8FDC-42A3-9474-1A3956D46DE8}") = "Client", "Client", "{AA513A55-A49E-475A-826B-D22A2AEB467F}"
EndProject
Project("{2150E333-8FDC-42A3-9474-1A3956D46DE8}") = "Middle", "Middle", "{5DFE27CD-549E-45F3-95DE-530B618E1D73}"
EndProject
Project("{2150E333-8FDC-42A3-9474-1A3956D46DE8}") = "Data", "Data", "{56722820-1AA5-4587-94AE-8DDD2C5F3747}"
EndProject
Project("{FAE04EC0-301F-11D3-BF4B-00C04F79EFBC}") = "QIQO.Services", "QIQO.Services\QIQO.Services.csproj", "{BC5C8AC3-B8C0-49BF-9C5B-D7225F2C2FDD}"
EndProject
Project("{FAE04EC0-301F-11D3-BF4B-00C04F79EFBC}") = "QIQO.Data", "QIQO.Data\QIQO.Data.csproj", "{B26B14A1-4B1E-47D3-B5BB-3B9B4350AD0E}"
EndProject
Project("{FAE04EC0-301F-11D3-BF4B-00C04F79EFBC}") = "QIQO.Client", "QIQO.Client\QIQO.Client.csproj", "{3A70397D-881D-484E-8E58-AA9CE2EE3ECD}"
EndProject
Project("{FAE04EC0-301F-11D3-BF4B-00C04F79EFBC}") = "QIQO.Services.Host", "QIQO.Services.Host\QIQO.Services.Host.csproj", "{A8989FE9-B68C-42FC-A930-4D2E7E2D8F34}"
EndProject
Project("{2150E333-8FDC-42A3-9474-1A3956D46DE8}") = "Common", "Common", "{E935C50A-DA75-4FE1-A54C-8CBAD8009002}"
EndProject
Project("{FAE04EC0-301F-11D3-BF4B-00C04F79EFBC}") = "QIQO.Core", "QIQO.Core\QIQO.Core.csproj", "{08F1C630-417F-42F4-AAAD-1E45995C9CA5}"
EndProject
Global
	GlobalSection(SolutionConfigurationPlatforms) = preSolution
		Debug|Any CPU = Debug|Any CPU
		Release|Any CPU = Release|Any CPU
	EndGlobalSection
	GlobalSection(ProjectConfigurationPlatforms) = postSolution
		{BC5C8AC3-B8C0-49BF-9C5B-D7225F2C2FDD}.Debug|Any CPU.ActiveCfg = Debug|Any CPU
		{BC5C8AC3-B8C0-49BF-9C5B-D7225F2C2FDD}.Debug|Any CPU.Build.0 = Debug|Any CPU
		{BC5C8AC3-B8C0-49BF-9C5B-D7225F2C2FDD}.Release|Any CPU.ActiveCfg = Release|Any CPU
		{BC5C8AC3-B8C0-49BF-9C5B-D7225F2C2FDD}.Release|Any CPU.Build.0 = Release|Any CPU
		{B26B14A1-4B1E-47D3-B5BB-3B9B4350AD0E}.Debug|Any CPU.ActiveCfg = Debug|Any CPU
		{B26B14A1-4B1E-47D3-B5BB-3B9B4350AD0E}.Debug|Any CPU.Build.0 = Debug|Any CPU
		{B26B14A1-4B1E-47D3-B5BB-3B9B4350AD0E}.Release|Any CPU.ActiveCfg = Release|Any CPU
		{B26B14A1-4B1E-47D3-B5BB-3B9B4350AD0E}.Release|Any CPU.Build.0 = Release|Any CPU
		{3A70397D-881D-484E-8E58-AA9CE2EE3ECD}.Debug|Any CPU.ActiveCfg = Debug|Any CPU
		{3A70397D-881D-484E-8E58-AA9CE2EE3ECD}.Debug|Any CPU.Build.0 = Debug|Any CPU
		{3A70397D-881D-484E-8E58-AA9CE2EE3ECD}.Release|Any CPU.ActiveCfg = Release|Any CPU
		{3A70397D-881D-484E-8E58-AA9CE2EE3ECD}.Release|Any CPU.Build.0 = Release|Any CPU
		{A8989FE9-B68C-42FC-A930-4D2E7E2D8F34}.Debug|Any CPU.ActiveCfg = Debug|Any CPU
		{A8989FE9-B68C-42FC-A930-4D2E7E2D8F34}.Debug|Any CPU.Build.0 = Debug|Any CPU
		{A8989FE9-B68C-42FC-A930-4D2E7E2D8F34}.Release|Any CPU.ActiveCfg = Release|Any CPU
		{A8989FE9-B68C-42FC-A930-4D2E7E2D8F34}.Release|Any CPU.Build.0 = Release|Any CPU
		{08F1C630-417F-42F4-AAAD-1E45995C9CA5}.Debug|Any CPU.ActiveCfg = Debug|Any CPU
		{08F1C630-417F-42F4-AAAD-1E45995C9CA5}.Debug|Any CPU.Build.0 = Debug|Any CPU
		{08F1C630-417F-42F4-AAAD-1E45995C9CA5}.Release|Any CPU.ActiveCfg = Release|Any CPU
		{08F1C630-417F-42F4-AAAD-1E45995C9CA5}.Release|Any CPU.Build.0 = Release|Any CPU
	EndGlobalSection
	GlobalSection(SolutionProperties) = preSolution
		HideSolutionNode = FALSE
	EndGlobalSection
	GlobalSection(NestedProjects) = preSolution
		{BC5C8AC3-B8C0-49BF-9C5B-D7225F2C2FDD} = {5DFE27CD-549E-45F3-95DE-530B618E1D73}
		{B26B14A1-4B1E-47D3-B5BB-3B9B4350AD0E} = {56722820-1AA5-4587-94AE-8DDD2C5F3747}
		{3A70397D-881D-484E-8E58-AA9CE2EE3ECD} = {AA513A55-A49E-475A-826B-D22A2AEB467F}
		{A8989FE9-B68C-42FC-A930-4D2E7E2D8F34} = {5DFE27CD-549E-45F3-95DE-530B618E1D73}
		{08F1C630-417F-42F4-AAAD-1E45995C9CA5} = {E935C50A-DA75-4FE1-A54C-8CBAD8009002}
	EndGlobalSection
EndGlobal
